
Microsoft Visual Studio Solution File, Format Version 12.00
# Visual Studio Version 17
VisualStudioVersion = 17.7.34221.43
MinimumVisualStudioVersion = 10.0.40219.1
Project("{FAE04EC0-301F-11D3-BF4B-00C04F79EFBC}") = "RecordSystemAudio", "RecordSystemAudio\RecordSystemAudio.csproj", "{31026BA6-AFC0-4C6F-A33B-CB341DDB477D}"
EndProject
Global
	GlobalSection(SolutionConfigurationPlatforms) = preSolution
		Debug|Any CPU = Debug|Any CPU
		Release|Any CPU = Release|Any CPU
	EndGlobalSection
	GlobalSection(ProjectConfigurationPlatforms) = postSolution
		{31026BA6-AFC0-4C6F-A33B-CB341DDB477D}.Debug|Any CPU.ActiveCfg = Debug|Any CPU
		{31026BA6-AFC0-4C6F-A33B-CB341DDB477D}.Debug|Any CPU.Build.0 = Debug|Any CPU
		{31026BA6-AFC0-4C6F-A33B-CB341DDB477D}.Release|Any CPU.ActiveCfg = Release|Any CPU
		{31026BA6-AFC0-4C6F-A33B-CB341DDB477D}.Release|Any CPU.Build.0 = Release|Any CPU
	EndGlobalSection
	GlobalSection(SolutionProperties) = preSolution
		HideSolutionNode = FALSE
	EndGlobalSection
	GlobalSection(ExtensibilityGlobals) = postSolution
		SolutionGuid = {E37664F8-0510-44BA-89E5-A14EC47A5520}
	EndGlobalSection
EndGlobal
